
Microsoft Visual Studio Solution File, Format Version 12.00
# Visual Studio Version 17
VisualStudioVersion = 17.0.32014.148
MinimumVisualStudioVersion = 10.0.40219.1
Project("{9A19103F-16F7-4668-BE54-9A1E7A4F7556}") = "Percurso", "Percurso\Percurso.csproj", "{0297E1B9-3BBB-4A2D-A307-6AA01A0DD1ED}"
EndProject
Project("{9A19103F-16F7-4668-BE54-9A1E7A4F7556}") = "Camera", "Camera\Camera.csproj", "{B7CC071F-E534-4D84-8AC9-4B13CA2F35B2}"
EndProject
Project("{9A19103F-16F7-4668-BE54-9A1E7A4F7556}") = "Arquivos", "Arquivos\Arquivos.csproj", "{87007EE1-10DF-437C-898A-15ABA018EDA0}"
EndProject
Project("{2150E333-8FDC-42A3-9474-1A3956D46DE8}") = "Itens de Solução", "Itens de Solução", "{B7AD3369-0B68-423C-A624-8DE7DDBBAD9F}"
	ProjectSection(SolutionItems) = preProject
		README.md = README.md
	EndProjectSection
EndProject
Global
	GlobalSection(SolutionConfigurationPlatforms) = preSolution
		Debug|Any CPU = Debug|Any CPU
		Release|Any CPU = Release|Any CPU
	EndGlobalSection
	GlobalSection(ProjectConfigurationPlatforms) = postSolution
		{0297E1B9-3BBB-4A2D-A307-6AA01A0DD1ED}.Debug|Any CPU.ActiveCfg = Debug|Any CPU
		{0297E1B9-3BBB-4A2D-A307-6AA01A0DD1ED}.Debug|Any CPU.Build.0 = Debug|Any CPU
		{0297E1B9-3BBB-4A2D-A307-6AA01A0DD1ED}.Release|Any CPU.ActiveCfg = Release|Any CPU
		{0297E1B9-3BBB-4A2D-A307-6AA01A0DD1ED}.Release|Any CPU.Build.0 = Release|Any CPU
		{B7CC071F-E534-4D84-8AC9-4B13CA2F35B2}.Debug|Any CPU.ActiveCfg = Debug|Any CPU
		{B7CC071F-E534-4D84-8AC9-4B13CA2F35B2}.Debug|Any CPU.Build.0 = Debug|Any CPU
		{B7CC071F-E534-4D84-8AC9-4B13CA2F35B2}.Release|Any CPU.ActiveCfg = Release|Any CPU
		{B7CC071F-E534-4D84-8AC9-4B13CA2F35B2}.Release|Any CPU.Build.0 = Release|Any CPU
		{87007EE1-10DF-437C-898A-15ABA018EDA0}.Debug|Any CPU.ActiveCfg = Debug|Any CPU
		{87007EE1-10DF-437C-898A-15ABA018EDA0}.Debug|Any CPU.Build.0 = Debug|Any CPU
		{87007EE1-10DF-437C-898A-15ABA018EDA0}.Release|Any CPU.ActiveCfg = Release|Any CPU
		{87007EE1-10DF-437C-898A-15ABA018EDA0}.Release|Any CPU.Build.0 = Release|Any CPU
	EndGlobalSection
	GlobalSection(SolutionProperties) = preSolution
		HideSolutionNode = FALSE
	EndGlobalSection
	GlobalSection(ExtensibilityGlobals) = postSolution
		SolutionGuid = {A279F470-0631-4ACA-9EA6-DE0EE0359EFF}
	EndGlobalSection
EndGlobal
